// !$*UTF8*$!
{
	archiveVersion = 1;
	classes = {
	};
	objectVersion = 46;
	objects = {

/* Begin PBXBuildFile section */
		D71A576B7070ACF9839BB3F1 /* Pods.framework in Frameworks */ = {isa = PBXBuildFile; fileRef = A7B48418FA71679C0C4CDDFF /* Pods.framework */; };
		FC06D2541CCDA5FE00CD51D0 /* WoHeadTableViewCell.swift in Sources */ = {isa = PBXBuildFile; fileRef = FC06D2531CCDA5FE00CD51D0 /* WoHeadTableViewCell.swift */; };
		FC06D2561CCDAAD100CD51D0 /* NormalTableViewCell.swift in Sources */ = {isa = PBXBuildFile; fileRef = FC06D2551CCDAAD100CD51D0 /* NormalTableViewCell.swift */; };
		FC06D2581CCDBA5B00CD51D0 /* FaXianNormalTableViewCell.swift in Sources */ = {isa = PBXBuildFile; fileRef = FC06D2571CCDBA5B00CD51D0 /* FaXianNormalTableViewCell.swift */; };
		FC06D25C1CCDCDD000CD51D0 /* LoginViewController.swift in Sources */ = {isa = PBXBuildFile; fileRef = FC06D25B1CCDCDD000CD51D0 /* LoginViewController.swift */; };
		FC06D25E1CCDF5F900CD51D0 /* RegisterViewController.swift in Sources */ = {isa = PBXBuildFile; fileRef = FC06D25D1CCDF5F900CD51D0 /* RegisterViewController.swift */; };
		FC0BE7F51CFBD52A00AA17F2 /* AddFriendViewController.swift in Sources */ = {isa = PBXBuildFile; fileRef = FC0BE7F41CFBD52A00AA17F2 /* AddFriendViewController.swift */; };
		FC0BE7F71CFBDEE700AA17F2 /* ShowSearchContentTableViewController.swift in Sources */ = {isa = PBXBuildFile; fileRef = FC0BE7F61CFBDEE700AA17F2 /* ShowSearchContentTableViewController.swift */; };
		FC0BE7F91CFBE8BB00AA17F2 /* SettingTableViewController.swift in Sources */ = {isa = PBXBuildFile; fileRef = FC0BE7F81CFBE8BB00AA17F2 /* SettingTableViewController.swift */; };
		FC0BE7FB1CFBEAF800AA17F2 /* SettingTableViewCell.swift in Sources */ = {isa = PBXBuildFile; fileRef = FC0BE7FA1CFBEAF800AA17F2 /* SettingTableViewCell.swift */; };
		FC1CFCCE1CC47ADB0032FE2A /* WoTableViewController.swift in Sources */ = {isa = PBXBuildFile; fileRef = FC1CFCCD1CC47ADB0032FE2A /* WoTableViewController.swift */; };
		FC1CFCD01CC5171A0032FE2A /* FaXianTableViewController.swift in Sources */ = {isa = PBXBuildFile; fileRef = FC1CFCCF1CC5171A0032FE2A /* FaXianTableViewController.swift */; };
		FC2119051CE6CF1200348589 /* UserFriendData.swift in Sources */ = {isa = PBXBuildFile; fileRef = FC2119041CE6CF1200348589 /* UserFriendData.swift */; };
		FC2119071CE71CD000348589 /* UserFriendDataModel.swift in Sources */ = {isa = PBXBuildFile; fileRef = FC2119061CE71CD000348589 /* UserFriendDataModel.swift */; };
		FC497A191CF1937E005AB350 /* PersonInfoData.swift in Sources */ = {isa = PBXBuildFile; fileRef = FC497A181CF1937E005AB350 /* PersonInfoData.swift */; };
		FC497A1B1CF1942F005AB350 /* PersonInfoDataModel.swift in Sources */ = {isa = PBXBuildFile; fileRef = FC497A1A1CF1942F005AB350 /* PersonInfoDataModel.swift */; };
		FC5ABA8D1CB9EEB500691065 /* AppDelegate.swift in Sources */ = {isa = PBXBuildFile; fileRef = FC5ABA8C1CB9EEB500691065 /* AppDelegate.swift */; };
		FC5ABA8F1CB9EEB500691065 /* ViewController.swift in Sources */ = {isa = PBXBuildFile; fileRef = FC5ABA8E1CB9EEB500691065 /* ViewController.swift */; };
		FC5ABA951CB9EEB500691065 /* weixin.xcdatamodeld in Sources */ = {isa = PBXBuildFile; fileRef = FC5ABA931CB9EEB500691065 /* weixin.xcdatamodeld */; };
		FC5ABA971CB9EEB500691065 /* Assets.xcassets in Resources */ = {isa = PBXBuildFile; fileRef = FC5ABA961CB9EEB500691065 /* Assets.xcassets */; };
		FC5ABA9A1CB9EEB500691065 /* LaunchScreen.storyboard in Resources */ = {isa = PBXBuildFile; fileRef = FC5ABA981CB9EEB500691065 /* LaunchScreen.storyboard */; };
		FC5ABAA51CB9EEB500691065 /* weixinTests.swift in Sources */ = {isa = PBXBuildFile; fileRef = FC5ABAA41CB9EEB500691065 /* weixinTests.swift */; };
		FC5ABAB01CB9EEB500691065 /* weixinUITests.swift in Sources */ = {isa = PBXBuildFile; fileRef = FC5ABAAF1CB9EEB500691065 /* weixinUITests.swift */; };
		FC5ABAC31CB9F20300691065 /* StatusLightTabBarController.swift in Sources */ = {isa = PBXBuildFile; fileRef = FC5ABAC21CB9F20300691065 /* StatusLightTabBarController.swift */; };
		FC5ABAC51CB9F27400691065 /* WeiXinTableViewController.swift in Sources */ = {isa = PBXBuildFile; fileRef = FC5ABAC41CB9F27400691065 /* WeiXinTableViewController.swift */; };
		FC5ABAC71CB9F29700691065 /* TongXunLuTableViewController.swift in Sources */ = {isa = PBXBuildFile; fileRef = FC5ABAC61CB9F29700691065 /* TongXunLuTableViewController.swift */; };
		FC5ABACD1CB9FC3D00691065 /* Podfile in Resources */ = {isa = PBXBuildFile; fileRef = FC5ABACC1CB9FC3D00691065 /* Podfile */; };
		FC5ABAD41CBA051500691065 /* config.swift in Sources */ = {isa = PBXBuildFile; fileRef = FC5ABAD31CBA051500691065 /* config.swift */; };
		FC5DBF771CCF351D007DD610 /* PersonInfoTableViewController.swift in Sources */ = {isa = PBXBuildFile; fileRef = FC5DBF761CCF351D007DD610 /* PersonInfoTableViewController.swift */; };
		FC5DBF791CCF378F007DD610 /* PersonInfoTableViewCell.swift in Sources */ = {isa = PBXBuildFile; fileRef = FC5DBF781CCF378F007DD610 /* PersonInfoTableViewCell.swift */; };
		FC5DBF7B1CCF8725007DD610 /* Media.xcassets in Resources */ = {isa = PBXBuildFile; fileRef = FC5DBF7A1CCF8725007DD610 /* Media.xcassets */; };
		FC6157101CF7457200A28E91 /* XTPopView.m in Sources */ = {isa = PBXBuildFile; fileRef = FC61570F1CF7457200A28E91 /* XTPopView.m */; };
		FC9597471CCE0B89005EDC55 /* PhotoPickerViewController.swift in Sources */ = {isa = PBXBuildFile; fileRef = FC9597461CCE0B89005EDC55 /* PhotoPickerViewController.swift */; };
		FCA478AB1CE0D7A70063CEC0 /* SystemConfiguration.framework in Frameworks */ = {isa = PBXBuildFile; fileRef = FCA478AA1CE0D7A70063CEC0 /* SystemConfiguration.framework */; };
		FCA478AC1CE0EA5E0063CEC0 /* LoginViewController.swift in Sources */ = {isa = PBXBuildFile; fileRef = FC06D25B1CCDCDD000CD51D0 /* LoginViewController.swift */; };
		FCC559111CE4B120008C86BB /* ChatTableViewCell.swift in Sources */ = {isa = PBXBuildFile; fileRef = FCC559101CE4B120008C86BB /* ChatTableViewCell.swift */; };
		FCC559131CE4B5A5008C86BB /* ChatConversationController.swift in Sources */ = {isa = PBXBuildFile; fileRef = FCC559121CE4B5A5008C86BB /* ChatConversationController.swift */; };
		FCC559151CE4BB08008C86BB /* YourTestChatListViewController.swift in Sources */ = {isa = PBXBuildFile; fileRef = FCC559141CE4BB08008C86BB /* YourTestChatListViewController.swift */; };
/* End PBXBuildFile section */

/* Begin PBXContainerItemProxy section */
		FC5ABAA11CB9EEB500691065 /* PBXContainerItemProxy */ = {
			isa = PBXContainerItemProxy;
			containerPortal = FC5ABA811CB9EEB500691065 /* Project object */;
			proxyType = 1;
			remoteGlobalIDString = FC5ABA881CB9EEB500691065;
			remoteInfo = weixin;
		};
		FC5ABAAC1CB9EEB500691065 /* PBXContainerItemProxy */ = {
			isa = PBXContainerItemProxy;
			containerPortal = FC5ABA811CB9EEB500691065 /* Project object */;
			proxyType = 1;
			remoteGlobalIDString = FC5ABA881CB9EEB500691065;
			remoteInfo = weixin;
		};
/* End PBXContainerItemProxy section */

/* Begin PBXFileReference section */
		83D77721861952DED7C1498E /* Pods.release.xcconfig */ = {isa = PBXFileReference; includeInIndex = 1; lastKnownFileType = text.xcconfig; name = Pods.release.xcconfig; path = "Pods/Target Support Files/Pods/Pods.release.xcconfig"; sourceTree = "<group>"; };
		A7B48418FA71679C0C4CDDFF /* Pods.framework */ = {isa = PBXFileReference; explicitFileType = wrapper.framework; includeInIndex = 0; path = Pods.framework; sourceTree = BUILT_PRODUCTS_DIR; };
		C21C037D99CE20A93C43F3D6 /* Pods.debug.xcconfig */ = {isa = PBXFileReference; includeInIndex = 1; lastKnownFileType = text.xcconfig; name = Pods.debug.xcconfig; path = "Pods/Target Support Files/Pods/Pods.debug.xcconfig"; sourceTree = "<group>"; };
		FC06D2531CCDA5FE00CD51D0 /* WoHeadTableViewCell.swift */ = {isa = PBXFileReference; fileEncoding = 4; lastKnownFileType = sourcecode.swift; path = WoHeadTableViewCell.swift; sourceTree = "<group>"; };
		FC06D2551CCDAAD100CD51D0 /* NormalTableViewCell.swift */ = {isa = PBXFileReference; fileEncoding = 4; lastKnownFileType = sourcecode.swift; path = NormalTableViewCell.swift; sourceTree = "<group>"; };
		FC06D2571CCDBA5B00CD51D0 /* FaXianNormalTableViewCell.swift */ = {isa = PBXFileReference; fileEncoding = 4; lastKnownFileType = sourcecode.swift; path = FaXianNormalTableViewCell.swift; sourceTree = "<group>"; };
		FC06D25B1CCDCDD000CD51D0 /* LoginViewController.swift */ = {isa = PBXFileReference; fileEncoding = 4; lastKnownFileType = sourcecode.swift; path = LoginViewController.swift; sourceTree = "<group>"; };
		FC06D25D1CCDF5F900CD51D0 /* RegisterViewController.swift */ = {isa = PBXFileReference; fileEncoding = 4; lastKnownFileType = sourcecode.swift; path = RegisterViewController.swift; sourceTree = "<group>"; };
		FC0BE7F41CFBD52A00AA17F2 /* AddFriendViewController.swift */ = {isa = PBXFileReference; fileEncoding = 4; lastKnownFileType = sourcecode.swift; path = AddFriendViewController.swift; sourceTree = "<group>"; };
		FC0BE7F61CFBDEE700AA17F2 /* ShowSearchContentTableViewController.swift */ = {isa = PBXFileReference; fileEncoding = 4; lastKnownFileType = sourcecode.swift; path = ShowSearchContentTableViewController.swift; sourceTree = "<group>"; };
		FC0BE7F81CFBE8BB00AA17F2 /* SettingTableViewController.swift */ = {isa = PBXFileReference; fileEncoding = 4; lastKnownFileType = sourcecode.swift; path = SettingTableViewController.swift; sourceTree = "<group>"; };
		FC0BE7FA1CFBEAF800AA17F2 /* SettingTableViewCell.swift */ = {isa = PBXFileReference; fileEncoding = 4; lastKnownFileType = sourcecode.swift; path = SettingTableViewCell.swift; sourceTree = "<group>"; };
		FC1CFCCD1CC47ADB0032FE2A /* WoTableViewController.swift */ = {isa = PBXFileReference; fileEncoding = 4; lastKnownFileType = sourcecode.swift; path = WoTableViewController.swift; sourceTree = "<group>"; };
		FC1CFCCF1CC5171A0032FE2A /* FaXianTableViewController.swift */ = {isa = PBXFileReference; fileEncoding = 4; lastKnownFileType = sourcecode.swift; path = FaXianTableViewController.swift; sourceTree = "<group>"; };
		FC2119041CE6CF1200348589 /* UserFriendData.swift */ = {isa = PBXFileReference; fileEncoding = 4; lastKnownFileType = sourcecode.swift; path = UserFriendData.swift; sourceTree = "<group>"; };
		FC2119061CE71CD000348589 /* UserFriendDataModel.swift */ = {isa = PBXFileReference; fileEncoding = 4; lastKnownFileType = sourcecode.swift; path = UserFriendDataModel.swift; sourceTree = "<group>"; };
		FC497A181CF1937E005AB350 /* PersonInfoData.swift */ = {isa = PBXFileReference; fileEncoding = 4; lastKnownFileType = sourcecode.swift; path = PersonInfoData.swift; sourceTree = "<group>"; };
		FC497A1A1CF1942F005AB350 /* PersonInfoDataModel.swift */ = {isa = PBXFileReference; fileEncoding = 4; lastKnownFileType = sourcecode.swift; path = PersonInfoDataModel.swift; sourceTree = "<group>"; };
		FC5ABA891CB9EEB500691065 /* weixin.app */ = {isa = PBXFileReference; explicitFileType = wrapper.application; includeInIndex = 0; path = weixin.app; sourceTree = BUILT_PRODUCTS_DIR; };
		FC5ABA8C1CB9EEB500691065 /* AppDelegate.swift */ = {isa = PBXFileReference; lastKnownFileType = sourcecode.swift; path = AppDelegate.swift; sourceTree = "<group>"; };
		FC5ABA8E1CB9EEB500691065 /* ViewController.swift */ = {isa = PBXFileReference; lastKnownFileType = sourcecode.swift; path = ViewController.swift; sourceTree = "<group>"; };
		FC5ABA941CB9EEB500691065 /* weixin.xcdatamodel */ = {isa = PBXFileReference; lastKnownFileType = wrapper.xcdatamodel; path = weixin.xcdatamodel; sourceTree = "<group>"; };
		FC5ABA961CB9EEB500691065 /* Assets.xcassets */ = {isa = PBXFileReference; lastKnownFileType = folder.assetcatalog; path = Assets.xcassets; sourceTree = "<group>"; };
		FC5ABA991CB9EEB500691065 /* Base */ = {isa = PBXFileReference; lastKnownFileType = file.storyboard; name = Base; path = Base.lproj/LaunchScreen.storyboard; sourceTree = "<group>"; };
		FC5ABA9B1CB9EEB500691065 /* Info.plist */ = {isa = PBXFileReference; lastKnownFileType = text.plist.xml; path = Info.plist; sourceTree = "<group>"; };
		FC5ABAA01CB9EEB500691065 /* weixinTests.xctest */ = {isa = PBXFileReference; explicitFileType = wrapper.cfbundle; includeInIndex = 0; path = weixinTests.xctest; sourceTree = BUILT_PRODUCTS_DIR; };
		FC5ABAA41CB9EEB500691065 /* weixinTests.swift */ = {isa = PBXFileReference; lastKnownFileType = sourcecode.swift; path = weixinTests.swift; sourceTree = "<group>"; };
		FC5ABAA61CB9EEB500691065 /* Info.plist */ = {isa = PBXFileReference; lastKnownFileType = text.plist.xml; path = Info.plist; sourceTree = "<group>"; };
		FC5ABAAB1CB9EEB500691065 /* weixinUITests.xctest */ = {isa = PBXFileReference; explicitFileType = wrapper.cfbundle; includeInIndex = 0; path = weixinUITests.xctest; sourceTree = BUILT_PRODUCTS_DIR; };
		FC5ABAAF1CB9EEB500691065 /* weixinUITests.swift */ = {isa = PBXFileReference; lastKnownFileType = sourcecode.swift; path = weixinUITests.swift; sourceTree = "<group>"; };
		FC5ABAB11CB9EEB500691065 /* Info.plist */ = {isa = PBXFileReference; lastKnownFileType = text.plist.xml; path = Info.plist; sourceTree = "<group>"; };
		FC5ABAC21CB9F20300691065 /* StatusLightTabBarController.swift */ = {isa = PBXFileReference; fileEncoding = 4; lastKnownFileType = sourcecode.swift; path = StatusLightTabBarController.swift; sourceTree = "<group>"; };
		FC5ABAC41CB9F27400691065 /* WeiXinTableViewController.swift */ = {isa = PBXFileReference; fileEncoding = 4; lastKnownFileType = sourcecode.swift; path = WeiXinTableViewController.swift; sourceTree = "<group>"; };
		FC5ABAC61CB9F29700691065 /* TongXunLuTableViewController.swift */ = {isa = PBXFileReference; fileEncoding = 4; lastKnownFileType = sourcecode.swift; path = TongXunLuTableViewController.swift; sourceTree = "<group>"; };
		FC5ABACC1CB9FC3D00691065 /* Podfile */ = {isa = PBXFileReference; fileEncoding = 4; lastKnownFileType = text; path = Podfile; sourceTree = "<group>"; xcLanguageSpecificationIdentifier = xcode.lang.ruby; };
		FC5ABACE1CB9FDD600691065 /* weixin-Bridging-Header.h */ = {isa = PBXFileReference; lastKnownFileType = sourcecode.c.h; path = "weixin-Bridging-Header.h"; sourceTree = "<group>"; };
		FC5ABAD31CBA051500691065 /* config.swift */ = {isa = PBXFileReference; fileEncoding = 4; lastKnownFileType = sourcecode.swift; path = config.swift; sourceTree = "<group>"; };
		FC5DBF761CCF351D007DD610 /* PersonInfoTableViewController.swift */ = {isa = PBXFileReference; fileEncoding = 4; lastKnownFileType = sourcecode.swift; path = PersonInfoTableViewController.swift; sourceTree = "<group>"; };
		FC5DBF781CCF378F007DD610 /* PersonInfoTableViewCell.swift */ = {isa = PBXFileReference; fileEncoding = 4; lastKnownFileType = sourcecode.swift; path = PersonInfoTableViewCell.swift; sourceTree = "<group>"; };
		FC5DBF7A1CCF8725007DD610 /* Media.xcassets */ = {isa = PBXFileReference; lastKnownFileType = folder.assetcatalog; path = Media.xcassets; sourceTree = "<group>"; };
		FC61570E1CF7456B00A28E91 /* XTPopView.h */ = {isa = PBXFileReference; lastKnownFileType = sourcecode.c.h; path = XTPopView.h; sourceTree = "<group>"; };
		FC61570F1CF7457200A28E91 /* XTPopView.m */ = {isa = PBXFileReference; fileEncoding = 4; lastKnownFileType = sourcecode.c.objc; path = XTPopView.m; sourceTree = "<group>"; };
		FC9597461CCE0B89005EDC55 /* PhotoPickerViewController.swift */ = {isa = PBXFileReference; fileEncoding = 4; lastKnownFileType = sourcecode.swift; path = PhotoPickerViewController.swift; sourceTree = "<group>"; };
		FCA478AA1CE0D7A70063CEC0 /* SystemConfiguration.framework */ = {isa = PBXFileReference; lastKnownFileType = wrapper.framework; name = SystemConfiguration.framework; path = System/Library/Frameworks/SystemConfiguration.framework; sourceTree = SDKROOT; };
		FCC559101CE4B120008C86BB /* ChatTableViewCell.swift */ = {isa = PBXFileReference; fileEncoding = 4; lastKnownFileType = sourcecode.swift; path = ChatTableViewCell.swift; sourceTree = "<group>"; };
		FCC559121CE4B5A5008C86BB /* ChatConversationController.swift */ = {isa = PBXFileReference; fileEncoding = 4; lastKnownFileType = sourcecode.swift; path = ChatConversationController.swift; sourceTree = "<group>"; };
		FCC559141CE4BB08008C86BB /* YourTestChatListViewController.swift */ = {isa = PBXFileReference; fileEncoding = 4; lastKnownFileType = sourcecode.swift; path = YourTestChatListViewController.swift; sourceTree = "<group>"; };
/* End PBXFileReference section */

/* Begin PBXFrameworksBuildPhase section */
		FC5ABA861CB9EEB500691065 /* Frameworks */ = {
			isa = PBXFrameworksBuildPhase;
			buildActionMask = 2147483647;
			files = (
				FCA478AB1CE0D7A70063CEC0 /* SystemConfiguration.framework in Frameworks */,
				D71A576B7070ACF9839BB3F1 /* Pods.framework in Frameworks */,
			);
			runOnlyForDeploymentPostprocessing = 0;
		};
		FC5ABA9D1CB9EEB500691065 /* Frameworks */ = {
			isa = PBXFrameworksBuildPhase;
			buildActionMask = 2147483647;
			files = (
			);
			runOnlyForDeploymentPostprocessing = 0;
		};
		FC5ABAA81CB9EEB500691065 /* Frameworks */ = {
			isa = PBXFrameworksBuildPhase;
			buildActionMask = 2147483647;
			files = (
			);
			runOnlyForDeploymentPostprocessing = 0;
		};
/* End PBXFrameworksBuildPhase section */

/* Begin PBXGroup section */
		C0E75033632A72DFE137C755 /* Pods */ = {
			isa = PBXGroup;
			children = (
				C21C037D99CE20A93C43F3D6 /* Pods.debug.xcconfig */,
				83D77721861952DED7C1498E /* Pods.release.xcconfig */,
			);
			name = Pods;
			sourceTree = "<group>";
		};
		CB29ECFB1483911DCEDA75D9 /* Frameworks */ = {
			isa = PBXGroup;
			children = (
				FCA478AA1CE0D7A70063CEC0 /* SystemConfiguration.framework */,
				A7B48418FA71679C0C4CDDFF /* Pods.framework */,
			);
			name = Frameworks;
			sourceTree = "<group>";
		};
		FC5ABA801CB9EEB500691065 = {
			isa = PBXGroup;
			children = (
				FC5ABAD31CBA051500691065 /* config.swift */,
				FC5ABACC1CB9FC3D00691065 /* Podfile */,
				FC5ABA8B1CB9EEB500691065 /* weixin */,
				FC5ABAA31CB9EEB500691065 /* weixinTests */,
				FC5ABAAE1CB9EEB500691065 /* weixinUITests */,
				FC5ABA8A1CB9EEB500691065 /* Products */,
				C0E75033632A72DFE137C755 /* Pods */,
				CB29ECFB1483911DCEDA75D9 /* Frameworks */,
				FC5ABACE1CB9FDD600691065 /* weixin-Bridging-Header.h */,
			);
			sourceTree = "<group>";
		};
		FC5ABA8A1CB9EEB500691065 /* Products */ = {
			isa = PBXGroup;
			children = (
				FC5ABA891CB9EEB500691065 /* weixin.app */,
				FC5ABAA01CB9EEB500691065 /* weixinTests.xctest */,
				FC5ABAAB1CB9EEB500691065 /* weixinUITests.xctest */,
			);
			name = Products;
			sourceTree = "<group>";
		};
		FC5ABA8B1CB9EEB500691065 /* weixin */ = {
			isa = PBXGroup;
			children = (
				FC70D97D1CF5B3B100FCFF04 /* library */,
				FC5ABABD1CB9F10700691065 /* AppDelegate */,
				FC5ABABE1CB9F12500691065 /* weixin_group */,
				FC5ABABF1CB9F14500691065 /* tongxunlu_group */,
				FC5ABAC01CB9F14D00691065 /* faxian_group */,
				FC5ABAC11CB9F14F00691065 /* wo_group */,
				FC5ABA961CB9EEB500691065 /* Assets.xcassets */,
				FC5ABA8E1CB9EEB500691065 /* ViewController.swift */,
				FC5ABA981CB9EEB500691065 /* LaunchScreen.storyboard */,
				FC5ABA9B1CB9EEB500691065 /* Info.plist */,
				FC5ABA931CB9EEB500691065 /* weixin.xcdatamodeld */,
				FC5DBF7A1CCF8725007DD610 /* Media.xcassets */,
			);
			path = weixin;
			sourceTree = "<group>";
		};
		FC5ABAA31CB9EEB500691065 /* weixinTests */ = {
			isa = PBXGroup;
			children = (
				FC5ABAA41CB9EEB500691065 /* weixinTests.swift */,
				FC5ABAA61CB9EEB500691065 /* Info.plist */,
			);
			path = weixinTests;
			sourceTree = "<group>";
		};
		FC5ABAAE1CB9EEB500691065 /* weixinUITests */ = {
			isa = PBXGroup;
			children = (
				FC5ABAAF1CB9EEB500691065 /* weixinUITests.swift */,
				FC5ABAB11CB9EEB500691065 /* Info.plist */,
			);
			path = weixinUITests;
			sourceTree = "<group>";
		};
		FC5ABABD1CB9F10700691065 /* AppDelegate */ = {
			isa = PBXGroup;
			children = (
				FC5ABA8C1CB9EEB500691065 /* AppDelegate.swift */,
				FC5ABAC21CB9F20300691065 /* StatusLightTabBarController.swift */,
				FC06D25B1CCDCDD000CD51D0 /* LoginViewController.swift */,
				FC06D25D1CCDF5F900CD51D0 /* RegisterViewController.swift */,
				FC9597461CCE0B89005EDC55 /* PhotoPickerViewController.swift */,
				FC0BE7F41CFBD52A00AA17F2 /* AddFriendViewController.swift */,
				FC0BE7F61CFBDEE700AA17F2 /* ShowSearchContentTableViewController.swift */,
			);
			name = AppDelegate;
			sourceTree = "<group>";
		};
		FC5ABABE1CB9F12500691065 /* weixin_group */ = {
			isa = PBXGroup;
			children = (
				FC6D00301CC08D9200A86973 /* controller */,
				FC6D002F1CC08D8D00A86973 /* view */,
				FC6D002E1CC08D7D00A86973 /* model */,
			);
			name = weixin_group;
			sourceTree = "<group>";
		};
		FC5ABABF1CB9F14500691065 /* tongxunlu_group */ = {
			isa = PBXGroup;
			children = (
				FC6D002D1CC08D7100A86973 /* controller */,
				FC6D002C1CC08D6B00A86973 /* view */,
				FC6D002B1CC08D6600A86973 /* model */,
			);
			name = tongxunlu_group;
			sourceTree = "<group>";
		};
		FC5ABAC01CB9F14D00691065 /* faxian_group */ = {
			isa = PBXGroup;
			children = (
				FC6D002A1CC08D5300A86973 /* model */,
				FC6D00291CC08D4400A86973 /* controller */,
				FC6D00281CC08D3500A86973 /* view */,
			);
			name = faxian_group;
			sourceTree = "<group>";
		};
		FC5ABAC11CB9F14F00691065 /* wo_group */ = {
			isa = PBXGroup;
			children = (
				FC6D00331CC08DA800A86973 /* controller */,
				FC6D00321CC08DA400A86973 /* view */,
				FC6D00311CC08D9D00A86973 /* model */,
			);
			name = wo_group;
			sourceTree = "<group>";
		};
		FC6D00281CC08D3500A86973 /* view */ = {
			isa = PBXGroup;
			children = (
				FC06D2571CCDBA5B00CD51D0 /* FaXianNormalTableViewCell.swift */,
			);
			name = view;
			sourceTree = "<group>";
		};
		FC6D00291CC08D4400A86973 /* controller */ = {
			isa = PBXGroup;
			children = (
				FC1CFCCF1CC5171A0032FE2A /* FaXianTableViewController.swift */,
			);
			name = controller;
			sourceTree = "<group>";
		};
		FC6D002A1CC08D5300A86973 /* model */ = {
			isa = PBXGroup;
			children = (
			);
			name = model;
			sourceTree = "<group>";
		};
		FC6D002B1CC08D6600A86973 /* model */ = {
			isa = PBXGroup;
			children = (
				FC2119041CE6CF1200348589 /* UserFriendData.swift */,
				FC2119061CE71CD000348589 /* UserFriendDataModel.swift */,
			);
			name = model;
			sourceTree = "<group>";
		};
		FC6D002C1CC08D6B00A86973 /* view */ = {
			isa = PBXGroup;
			children = (
				FCC559101CE4B120008C86BB /* ChatTableViewCell.swift */,
			);
			name = view;
			sourceTree = "<group>";
		};
		FC6D002D1CC08D7100A86973 /* controller */ = {
			isa = PBXGroup;
			children = (
				FC5ABAC61CB9F29700691065 /* TongXunLuTableViewController.swift */,
			);
			name = controller;
			sourceTree = "<group>";
		};
		FC6D002E1CC08D7D00A86973 /* model */ = {
			isa = PBXGroup;
			children = (
			);
			name = model;
			sourceTree = "<group>";
		};
		FC6D002F1CC08D8D00A86973 /* view */ = {
			isa = PBXGroup;
			children = (
			);
			name = view;
			sourceTree = "<group>";
		};
		FC6D00301CC08D9200A86973 /* controller */ = {
			isa = PBXGroup;
			children = (
				FCC559121CE4B5A5008C86BB /* ChatConversationController.swift */,
				FCC559141CE4BB08008C86BB /* YourTestChatListViewController.swift */,
				FC5ABAC41CB9F27400691065 /* WeiXinTableViewController.swift */,
			);
			name = controller;
			sourceTree = "<group>";
		};
		FC6D00311CC08D9D00A86973 /* model */ = {
			isa = PBXGroup;
			children = (
				FC497A181CF1937E005AB350 /* PersonInfoData.swift */,
				FC497A1A1CF1942F005AB350 /* PersonInfoDataModel.swift */,
			);
			name = model;
			sourceTree = "<group>";
		};
		FC6D00321CC08DA400A86973 /* view */ = {
			isa = PBXGroup;
			children = (
				FC06D2531CCDA5FE00CD51D0 /* WoHeadTableViewCell.swift */,
				FC06D2551CCDAAD100CD51D0 /* NormalTableViewCell.swift */,
				FC5DBF781CCF378F007DD610 /* PersonInfoTableViewCell.swift */,
				FC0BE7FA1CFBEAF800AA17F2 /* SettingTableViewCell.swift */,
			);
			name = view;
			sourceTree = "<group>";
		};
		FC6D00331CC08DA800A86973 /* controller */ = {
			isa = PBXGroup;
			children = (
				FC1CFCCD1CC47ADB0032FE2A /* WoTableViewController.swift */,
				FC5DBF761CCF351D007DD610 /* PersonInfoTableViewController.swift */,
				FC0BE7F81CFBE8BB00AA17F2 /* SettingTableViewController.swift */,
			);
			name = controller;
			sourceTree = "<group>";
		};
		FC70D97D1CF5B3B100FCFF04 /* library */ = {
			isa = PBXGroup;
			children = (
				FC70D98A1CF5B71000FCFF04 /* XTPopView */,
			);
			name = library;
			sourceTree = "<group>";
		};
		FC70D98A1CF5B71000FCFF04 /* XTPopView */ = {
			isa = PBXGroup;
			children = (
				FC61570E1CF7456B00A28E91 /* XTPopView.h */,
				FC61570F1CF7457200A28E91 /* XTPopView.m */,
			);
			name = XTPopView;
			sourceTree = "<group>";
		};
/* End PBXGroup section */

/* Begin PBXNativeTarget section */
		FC5ABA881CB9EEB500691065 /* weixin */ = {
			isa = PBXNativeTarget;
			buildConfigurationList = FC5ABAB41CB9EEB500691065 /* Build configuration list for PBXNativeTarget "weixin" */;
			buildPhases = (
				B7C9868F10B6C459DBBAE5A7 /* Check Pods Manifest.lock */,
				FC5ABA851CB9EEB500691065 /* Sources */,
				FC5ABA861CB9EEB500691065 /* Frameworks */,
				FC5ABA871CB9EEB500691065 /* Resources */,
				D8A41215121DB97B04824FA4 /* Embed Pods Frameworks */,
				D44B9177546CC731847622EB /* Copy Pods Resources */,
			);
			buildRules = (
			);
			dependencies = (
			);
			name = weixin;
			productName = weixin;
			productReference = FC5ABA891CB9EEB500691065 /* weixin.app */;
			productType = "com.apple.product-type.application";
		};
		FC5ABA9F1CB9EEB500691065 /* weixinTests */ = {
			isa = PBXNativeTarget;
			buildConfigurationList = FC5ABAB71CB9EEB500691065 /* Build configuration list for PBXNativeTarget "weixinTests" */;
			buildPhases = (
				FC5ABA9C1CB9EEB500691065 /* Sources */,
				FC5ABA9D1CB9EEB500691065 /* Frameworks */,
				FC5ABA9E1CB9EEB500691065 /* Resources */,
			);
			buildRules = (
			);
			dependencies = (
				FC5ABAA21CB9EEB500691065 /* PBXTargetDependency */,
			);
			name = weixinTests;
			productName = weixinTests;
			productReference = FC5ABAA01CB9EEB500691065 /* weixinTests.xctest */;
			productType = "com.apple.product-type.bundle.unit-test";
		};
		FC5ABAAA1CB9EEB500691065 /* weixinUITests */ = {
			isa = PBXNativeTarget;
			buildConfigurationList = FC5ABABA1CB9EEB500691065 /* Build configuration list for PBXNativeTarget "weixinUITests" */;
			buildPhases = (
				FC5ABAA71CB9EEB500691065 /* Sources */,
				FC5ABAA81CB9EEB500691065 /* Frameworks */,
				FC5ABAA91CB9EEB500691065 /* Resources */,
			);
			buildRules = (
			);
			dependencies = (
				FC5ABAAD1CB9EEB500691065 /* PBXTargetDependency */,
			);
			name = weixinUITests;
			productName = weixinUITests;
			productReference = FC5ABAAB1CB9EEB500691065 /* weixinUITests.xctest */;
			productType = "com.apple.product-type.bundle.ui-testing";
		};
/* End PBXNativeTarget section */

/* Begin PBXProject section */
		FC5ABA811CB9EEB500691065 /* Project object */ = {
			isa = PBXProject;
			attributes = {
				LastSwiftUpdateCheck = 0720;
				LastUpgradeCheck = 0720;
				ORGANIZATIONNAME = "博 郑&&书潇 黄";
				TargetAttributes = {
					FC5ABA881CB9EEB500691065 = {
						CreatedOnToolsVersion = 7.2.1;
						DevelopmentTeam = 8TEW5X8W4W;
					};
					FC5ABA9F1CB9EEB500691065 = {
						CreatedOnToolsVersion = 7.2.1;
						TestTargetID = FC5ABA881CB9EEB500691065;
					};
					FC5ABAAA1CB9EEB500691065 = {
						CreatedOnToolsVersion = 7.2.1;
						TestTargetID = FC5ABA881CB9EEB500691065;
					};
				};
			};
			buildConfigurationList = FC5ABA841CB9EEB500691065 /* Build configuration list for PBXProject "weixin" */;
			compatibilityVersion = "Xcode 3.2";
			developmentRegion = English;
			hasScannedForEncodings = 0;
			knownRegions = (
				en,
				Base,
			);
			mainGroup = FC5ABA801CB9EEB500691065;
			productRefGroup = FC5ABA8A1CB9EEB500691065 /* Products */;
			projectDirPath = "";
			projectRoot = "";
			targets = (
				FC5ABA881CB9EEB500691065 /* weixin */,
				FC5ABA9F1CB9EEB500691065 /* weixinTests */,
				FC5ABAAA1CB9EEB500691065 /* weixinUITests */,
			);
		};
/* End PBXProject section */

/* Begin PBXResourcesBuildPhase section */
		FC5ABA871CB9EEB500691065 /* Resources */ = {
			isa = PBXResourcesBuildPhase;
			buildActionMask = 2147483647;
			files = (
				FC5ABACD1CB9FC3D00691065 /* Podfile in Resources */,
				FC5ABA9A1CB9EEB500691065 /* LaunchScreen.storyboard in Resources */,
				FC5DBF7B1CCF8725007DD610 /* Media.xcassets in Resources */,
				FC5ABA971CB9EEB500691065 /* Assets.xcassets in Resources */,
			);
			runOnlyForDeploymentPostprocessing = 0;
		};
		FC5ABA9E1CB9EEB500691065 /* Resources */ = {
			isa = PBXResourcesBuildPhase;
			buildActionMask = 2147483647;
			files = (
			);
			runOnlyForDeploymentPostprocessing = 0;
		};
		FC5ABAA91CB9EEB500691065 /* Resources */ = {
			isa = PBXResourcesBuildPhase;
			buildActionMask = 2147483647;
			files = (
			);
			runOnlyForDeploymentPostprocessing = 0;
		};
/* End PBXResourcesBuildPhase section */

/* Begin PBXShellScriptBuildPhase section */
		B7C9868F10B6C459DBBAE5A7 /* Check Pods Manifest.lock */ = {
			isa = PBXShellScriptBuildPhase;
			buildActionMask = 2147483647;
			files = (
			);
			inputPaths = (
			);
			name = "Check Pods Manifest.lock";
			outputPaths = (
			);
			runOnlyForDeploymentPostprocessing = 0;
			shellPath = /bin/sh;
			shellScript = "diff \"${PODS_ROOT}/../Podfile.lock\" \"${PODS_ROOT}/Manifest.lock\" > /dev/null\nif [[ $? != 0 ]] ; then\n    cat << EOM\nerror: The sandbox is not in sync with the Podfile.lock. Run 'pod install' or update your CocoaPods installation.\nEOM\n    exit 1\nfi\n";
			showEnvVarsInLog = 0;
		};
		D44B9177546CC731847622EB /* Copy Pods Resources */ = {
			isa = PBXShellScriptBuildPhase;
			buildActionMask = 2147483647;
			files = (
			);
			inputPaths = (
			);
			name = "Copy Pods Resources";
			outputPaths = (
			);
			runOnlyForDeploymentPostprocessing = 0;
			shellPath = /bin/sh;
			shellScript = "\"${SRCROOT}/Pods/Target Support Files/Pods/Pods-resources.sh\"\n";
			showEnvVarsInLog = 0;
		};
		D8A41215121DB97B04824FA4 /* Embed Pods Frameworks */ = {
			isa = PBXShellScriptBuildPhase;
			buildActionMask = 2147483647;
			files = (
			);
			inputPaths = (
			);
			name = "Embed Pods Frameworks";
			outputPaths = (
			);
			runOnlyForDeploymentPostprocessing = 0;
			shellPath = /bin/sh;
			shellScript = "\"${SRCROOT}/Pods/Target Support Files/Pods/Pods-frameworks.sh\"\n";
			showEnvVarsInLog = 0;
		};
/* End PBXShellScriptBuildPhase section */

/* Begin PBXSourcesBuildPhase section */
		FC5ABA851CB9EEB500691065 /* Sources */ = {
			isa = PBXSourcesBuildPhase;
			buildActionMask = 2147483647;
			files = (
				FC0BE7F91CFBE8BB00AA17F2 /* SettingTableViewController.swift in Sources */,
				FC06D25C1CCDCDD000CD51D0 /* LoginViewController.swift in Sources */,
				FC5DBF791CCF378F007DD610 /* PersonInfoTableViewCell.swift in Sources */,
				FC497A1B1CF1942F005AB350 /* PersonInfoDataModel.swift in Sources */,
				FC0BE7FB1CFBEAF800AA17F2 /* SettingTableViewCell.swift in Sources */,
				FC497A191CF1937E005AB350 /* PersonInfoData.swift in Sources */,
				FC5ABAC31CB9F20300691065 /* StatusLightTabBarController.swift in Sources */,
				FCC559111CE4B120008C86BB /* ChatTableViewCell.swift in Sources */,
				FC1CFCCE1CC47ADB0032FE2A /* WoTableViewController.swift in Sources */,
				FC06D2581CCDBA5B00CD51D0 /* FaXianNormalTableViewCell.swift in Sources */,
				FC1CFCD01CC5171A0032FE2A /* FaXianTableViewController.swift in Sources */,
				FC9597471CCE0B89005EDC55 /* PhotoPickerViewController.swift in Sources */,
				FC06D2541CCDA5FE00CD51D0 /* WoHeadTableViewCell.swift in Sources */,
				FC0BE7F71CFBDEE700AA17F2 /* ShowSearchContentTableViewController.swift in Sources */,
				FCC559151CE4BB08008C86BB /* YourTestChatListViewController.swift in Sources */,
				FC0BE7F51CFBD52A00AA17F2 /* AddFriendViewController.swift in Sources */,
				FCC559131CE4B5A5008C86BB /* ChatConversationController.swift in Sources */,
				FC06D2561CCDAAD100CD51D0 /* NormalTableViewCell.swift in Sources */,
				FC5DBF771CCF351D007DD610 /* PersonInfoTableViewController.swift in Sources */,
				FC5ABAC51CB9F27400691065 /* WeiXinTableViewController.swift in Sources */,
				FC5ABAD41CBA051500691065 /* config.swift in Sources */,
				FC06D25E1CCDF5F900CD51D0 /* RegisterViewController.swift in Sources */,
				FC5ABA951CB9EEB500691065 /* weixin.xcdatamodeld in Sources */,
				FC5ABA8F1CB9EEB500691065 /* ViewController.swift in Sources */,
				FC2119051CE6CF1200348589 /* UserFriendData.swift in Sources */,
				FC5ABAC71CB9F29700691065 /* TongXunLuTableViewController.swift in Sources */,
				FC2119071CE71CD000348589 /* UserFriendDataModel.swift in Sources */,
				FC6157101CF7457200A28E91 /* XTPopView.m in Sources */,
				FC5ABA8D1CB9EEB500691065 /* AppDelegate.swift in Sources */,
			);
			runOnlyForDeploymentPostprocessing = 0;
		};
		FC5ABA9C1CB9EEB500691065 /* Sources */ = {
			isa = PBXSourcesBuildPhase;
			buildActionMask = 2147483647;
			files = (
				FCA478AC1CE0EA5E0063CEC0 /* LoginViewController.swift in Sources */,
				FC5ABAA51CB9EEB500691065 /* weixinTests.swift in Sources */,
			);
			runOnlyForDeploymentPostprocessing = 0;
		};
		FC5ABAA71CB9EEB500691065 /* Sources */ = {
			isa = PBXSourcesBuildPhase;
			buildActionMask = 2147483647;
			files = (
				FC5ABAB01CB9EEB500691065 /* weixinUITests.swift in Sources */,
			);
			runOnlyForDeploymentPostprocessing = 0;
		};
/* End PBXSourcesBuildPhase section */

/* Begin PBXTargetDependency section */
		FC5ABAA21CB9EEB500691065 /* PBXTargetDependency */ = {
			isa = PBXTargetDependency;
			target = FC5ABA881CB9EEB500691065 /* weixin */;
			targetProxy = FC5ABAA11CB9EEB500691065 /* PBXContainerItemProxy */;
		};
		FC5ABAAD1CB9EEB500691065 /* PBXTargetDependency */ = {
			isa = PBXTargetDependency;
			target = FC5ABA881CB9EEB500691065 /* weixin */;
			targetProxy = FC5ABAAC1CB9EEB500691065 /* PBXContainerItemProxy */;
		};
/* End PBXTargetDependency section */

/* Begin PBXVariantGroup section */
		FC5ABA981CB9EEB500691065 /* LaunchScreen.storyboard */ = {
			isa = PBXVariantGroup;
			children = (
				FC5ABA991CB9EEB500691065 /* Base */,
			);
			name = LaunchScreen.storyboard;
			sourceTree = "<group>";
		};
/* End PBXVariantGroup section */

/* Begin XCBuildConfiguration section */
		FC5ABAB21CB9EEB500691065 /* Debug */ = {
			isa = XCBuildConfiguration;
			buildSettings = {
				ALWAYS_SEARCH_USER_PATHS = NO;
				CLANG_CXX_LANGUAGE_STANDARD = "gnu++0x";
				CLANG_CXX_LIBRARY = "libc++";
				CLANG_ENABLE_MODULES = YES;
				CLANG_ENABLE_OBJC_ARC = YES;
				CLANG_WARN_BOOL_CONVERSION = YES;
				CLANG_WARN_CONSTANT_CONVERSION = YES;
				CLANG_WARN_DIRECT_OBJC_ISA_USAGE = YES_ERROR;
				CLANG_WARN_EMPTY_BODY = YES;
				CLANG_WARN_ENUM_CONVERSION = YES;
				CLANG_WARN_INT_CONVERSION = YES;
				CLANG_WARN_OBJC_ROOT_CLASS = YES_ERROR;
				CLANG_WARN_UNREACHABLE_CODE = YES;
				CLANG_WARN__DUPLICATE_METHOD_MATCH = YES;
				"CODE_SIGN_IDENTITY[sdk=iphoneos*]" = "iPhone Developer";
				COPY_PHASE_STRIP = NO;
				DEBUG_INFORMATION_FORMAT = dwarf;
				ENABLE_STRICT_OBJC_MSGSEND = YES;
				ENABLE_TESTABILITY = YES;
				GCC_C_LANGUAGE_STANDARD = gnu99;
				GCC_DYNAMIC_NO_PIC = NO;
				GCC_NO_COMMON_BLOCKS = YES;
				GCC_OPTIMIZATION_LEVEL = 0;
				GCC_PREPROCESSOR_DEFINITIONS = (
					"DEBUG=1",
					"$(inherited)",
				);
				GCC_WARN_64_TO_32_BIT_CONVERSION = YES;
				GCC_WARN_ABOUT_RETURN_TYPE = YES_ERROR;
				GCC_WARN_UNDECLARED_SELECTOR = YES;
				GCC_WARN_UNINITIALIZED_AUTOS = YES_AGGRESSIVE;
				GCC_WARN_UNUSED_FUNCTION = YES;
				GCC_WARN_UNUSED_VARIABLE = YES;
				IPHONEOS_DEPLOYMENT_TARGET = 9.2;
				MTL_ENABLE_DEBUG_INFO = YES;
				ONLY_ACTIVE_ARCH = YES;
				SDKROOT = iphoneos;
				SWIFT_OPTIMIZATION_LEVEL = "-Onone";
				TARGETED_DEVICE_FAMILY = "1,2";
			};
			name = Debug;
		};
		FC5ABAB31CB9EEB500691065 /* Release */ = {
			isa = XCBuildConfiguration;
			buildSettings = {
				ALWAYS_SEARCH_USER_PATHS = NO;
				CLANG_CXX_LANGUAGE_STANDARD = "gnu++0x";
				CLANG_CXX_LIBRARY = "libc++";
				CLANG_ENABLE_MODULES = YES;
				CLANG_ENABLE_OBJC_ARC = YES;
				CLANG_WARN_BOOL_CONVERSION = YES;
				CLANG_WARN_CONSTANT_CONVERSION = YES;
				CLANG_WARN_DIRECT_OBJC_ISA_USAGE = YES_ERROR;
				CLANG_WARN_EMPTY_BODY = YES;
				CLANG_WARN_ENUM_CONVERSION = YES;
				CLANG_WARN_INT_CONVERSION = YES;
				CLANG_WARN_OBJC_ROOT_CLASS = YES_ERROR;
				CLANG_WARN_UNREACHABLE_CODE = YES;
				CLANG_WARN__DUPLICATE_METHOD_MATCH = YES;
				"CODE_SIGN_IDENTITY[sdk=iphoneos*]" = "iPhone Developer";
				COPY_PHASE_STRIP = NO;
				DEBUG_INFORMATION_FORMAT = "dwarf-with-dsym";
				ENABLE_NS_ASSERTIONS = NO;
				ENABLE_STRICT_OBJC_MSGSEND = YES;
				GCC_C_LANGUAGE_STANDARD = gnu99;
				GCC_NO_COMMON_BLOCKS = YES;
				GCC_WARN_64_TO_32_BIT_CONVERSION = YES;
				GCC_WARN_ABOUT_RETURN_TYPE = YES_ERROR;
				GCC_WARN_UNDECLARED_SELECTOR = YES;
				GCC_WARN_UNINITIALIZED_AUTOS = YES_AGGRESSIVE;
				GCC_WARN_UNUSED_FUNCTION = YES;
				GCC_WARN_UNUSED_VARIABLE = YES;
				IPHONEOS_DEPLOYMENT_TARGET = 9.2;
				MTL_ENABLE_DEBUG_INFO = NO;
				SDKROOT = iphoneos;
				TARGETED_DEVICE_FAMILY = "1,2";
				VALIDATE_PRODUCT = YES;
			};
			name = Release;
		};
		FC5ABAB51CB9EEB500691065 /* Debug */ = {
			isa = XCBuildConfiguration;
			baseConfigurationReference = C21C037D99CE20A93C43F3D6 /* Pods.debug.xcconfig */;
			buildSettings = {
				ASSETCATALOG_COMPILER_APPICON_NAME = AppIcon;
				CLANG_ENABLE_MODULES = YES;
				CODE_SIGN_IDENTITY = "iPhone Developer";
				"CODE_SIGN_IDENTITY[sdk=iphoneos*]" = "iPhone Developer";
				INFOPLIST_FILE = weixin/Info.plist;
				IPHONEOS_DEPLOYMENT_TARGET = 8.0;
				LD_RUNPATH_SEARCH_PATHS = "$(inherited) @executable_path/Frameworks";
				PRODUCT_BUNDLE_IDENTIFIER = "zb-hsx.weixin";
				PRODUCT_NAME = "$(TARGET_NAME)";
				PROVISIONING_PROFILE = "";
				SWIFT_OBJC_BRIDGING_HEADER = "weixin-Bridging-Header.h";
				SWIFT_OPTIMIZATION_LEVEL = "-Onone";
				TARGETED_DEVICE_FAMILY = 1;
			};
			name = Debug;
		};
		FC5ABAB61CB9EEB500691065 /* Release */ = {
			isa = XCBuildConfiguration;
			baseConfigurationReference = 83D77721861952DED7C1498E /* Pods.release.xcconfig */;
			buildSettings = {
				ASSETCATALOG_COMPILER_APPICON_NAME = AppIcon;
				CLANG_ENABLE_MODULES = YES;
				CODE_SIGN_IDENTITY = "iPhone Developer";
				"CODE_SIGN_IDENTITY[sdk=iphoneos*]" = "iPhone Developer";
				INFOPLIST_FILE = weixin/Info.plist;
				IPHONEOS_DEPLOYMENT_TARGET = 8.0;
				LD_RUNPATH_SEARCH_PATHS = "$(inherited) @executable_path/Frameworks";
				PRODUCT_BUNDLE_IDENTIFIER = "zb-hsx.weixin";
				PRODUCT_NAME = "$(TARGET_NAME)";
				PROVISIONING_PROFILE = "";
				SWIFT_OBJC_BRIDGING_HEADER = "weixin-Bridging-Header.h";
				TARGETED_DEVICE_FAMILY = 1;
			};
			name = Release;
		};
		FC5ABAB81CB9EEB500691065 /* Debug */ = {
			isa = XCBuildConfiguration;
			buildSettings = {
				BUNDLE_LOADER = "$(TEST_HOST)";
				INFOPLIST_FILE = weixinTests/Info.plist;
				LD_RUNPATH_SEARCH_PATHS = "$(inherited) @executable_path/Frameworks @loader_path/Frameworks";
				PRODUCT_BUNDLE_IDENTIFIER = "zb-hsx.weixinTests";
				PRODUCT_NAME = "$(TARGET_NAME)";
				TEST_HOST = "$(BUILT_PRODUCTS_DIR)/weixin.app/weixin";
			};
			name = Debug;
		};
		FC5ABAB91CB9EEB500691065 /* Release */ = {
			isa = XCBuildConfiguration;
			buildSettings = {
				BUNDLE_LOADER = "$(TEST_HOST)";
				INFOPLIST_FILE = weixinTests/Info.plist;
				LD_RUNPATH_SEARCH_PATHS = "$(inherited) @executable_path/Frameworks @loader_path/Frameworks";
				PRODUCT_BUNDLE_IDENTIFIER = "zb-hsx.weixinTests";
				PRODUCT_NAME = "$(TARGET_NAME)";
				TEST_HOST = "$(BUILT_PRODUCTS_DIR)/weixin.app/weixin";
			};
			name = Release;
		};
		FC5ABABB1CB9EEB500691065 /* Debug */ = {
			isa = XCBuildConfiguration;
			buildSettings = {
				INFOPLIST_FILE = weixinUITests/Info.plist;
				LD_RUNPATH_SEARCH_PATHS = "$(inherited) @executable_path/Frameworks @loader_path/Frameworks";
				PRODUCT_BUNDLE_IDENTIFIER = "zb-hsx.weixinUITests";
				PRODUCT_NAME = "$(TARGET_NAME)";
				TEST_TARGET_NAME = weixin;
				USES_XCTRUNNER = YES;
			};
			name = Debug;
		};
		FC5ABABC1CB9EEB500691065 /* Release */ = {
			isa = XCBuildConfiguration;
			buildSettings = {
				INFOPLIST_FILE = weixinUITests/Info.plist;
				LD_RUNPATH_SEARCH_PATHS = "$(inherited) @executable_path/Frameworks @loader_path/Frameworks";
				PRODUCT_BUNDLE_IDENTIFIER = "zb-hsx.weixinUITests";
				PRODUCT_NAME = "$(TARGET_NAME)";
				TEST_TARGET_NAME = weixin;
				USES_XCTRUNNER = YES;
			};
			name = Release;
		};
/* End XCBuildConfiguration section */

/* Begin XCConfigurationList section */
		FC5ABA841CB9EEB500691065 /* Build configuration list for PBXProject "weixin" */ = {
			isa = XCConfigurationList;
			buildConfigurations = (
				FC5ABAB21CB9EEB500691065 /* Debug */,
				FC5ABAB31CB9EEB500691065 /* Release */,
			);
			defaultConfigurationIsVisible = 0;
			defaultConfigurationName = Release;
		};
		FC5ABAB41CB9EEB500691065 /* Build configuration list for PBXNativeTarget "weixin" */ = {
			isa = XCConfigurationList;
			buildConfigurations = (
				FC5ABAB51CB9EEB500691065 /* Debug */,
				FC5ABAB61CB9EEB500691065 /* Release */,
			);
			defaultConfigurationIsVisible = 0;
			defaultConfigurationName = Release;
		};
		FC5ABAB71CB9EEB500691065 /* Build configuration list for PBXNativeTarget "weixinTests" */ = {
			isa = XCConfigurationList;
			buildConfigurations = (
				FC5ABAB81CB9EEB500691065 /* Debug */,
				FC5ABAB91CB9EEB500691065 /* Release */,
			);
			defaultConfigurationIsVisible = 0;
			defaultConfigurationName = Release;
		};
		FC5ABABA1CB9EEB500691065 /* Build configuration list for PBXNativeTarget "weixinUITests" */ = {
			isa = XCConfigurationList;
			buildConfigurations = (
				FC5ABABB1CB9EEB500691065 /* Debug */,
				FC5ABABC1CB9EEB500691065 /* Release */,
			);
			defaultConfigurationIsVisible = 0;
			defaultConfigurationName = Release;
		};
/* End XCConfigurationList section */

/* Begin XCVersionGroup section */
		FC5ABA931CB9EEB500691065 /* weixin.xcdatamodeld */ = {
			isa = XCVersionGroup;
			children = (
				FC5ABA941CB9EEB500691065 /* weixin.xcdatamodel */,
			);
			currentVersion = FC5ABA941CB9EEB500691065 /* weixin.xcdatamodel */;
			path = weixin.xcdatamodeld;
			sourceTree = "<group>";
			versionGroupType = wrapper.xcdatamodel;
		};
/* End XCVersionGroup section */
	};
	rootObject = FC5ABA811CB9EEB500691065 /* Project object */;
}
